
Microsoft Visual Studio Solution File, Format Version 12.00
# Visual Studio Version 16
VisualStudioVersion = 16.0.31729.503
MinimumVisualStudioVersion = 10.0.40219.1
Project("{FAE04EC0-301F-11D3-BF4B-00C04F79EFBC}") = "Home Work GB", "Home Work GB.csproj", "{2F95081F-1EF3-402C-90B1-4D67DE4E8308}"
EndProject
Global
	GlobalSection(SolutionConfigurationPlatforms) = preSolution
		Debug|Any CPU = Debug|Any CPU
		Release|Any CPU = Release|Any CPU
	EndGlobalSection
	GlobalSection(ProjectConfigurationPlatforms) = postSolution
		{2F95081F-1EF3-402C-90B1-4D67DE4E8308}.Debug|Any CPU.ActiveCfg = Debug|Any CPU
		{2F95081F-1EF3-402C-90B1-4D67DE4E8308}.Debug|Any CPU.Build.0 = Debug|Any CPU
		{2F95081F-1EF3-402C-90B1-4D67DE4E8308}.Release|Any CPU.ActiveCfg = Release|Any CPU
		{2F95081F-1EF3-402C-90B1-4D67DE4E8308}.Release|Any CPU.Build.0 = Release|Any CPU
	EndGlobalSection
	GlobalSection(SolutionProperties) = preSolution
		HideSolutionNode = FALSE
	EndGlobalSection
	GlobalSection(ExtensibilityGlobals) = postSolution
		SolutionGuid = {8F15A129-B86C-4189-A78C-F771513905AE}
	EndGlobalSection
EndGlobal
